
Microsoft Visual Studio Solution File, Format Version 12.00
# Visual Studio 15
VisualStudioVersion = 15.0.28307.106
MinimumVisualStudioVersion = 10.0.40219.1
Project("{FAE04EC0-301F-11D3-BF4B-00C04F79EFBC}") = "InternFeedBack", "InternFeedBack\InternFeedBack.csproj", "{4AEF07E5-E956-49D5-B4D5-D418D98DFA60}"
EndProject
Global
	GlobalSection(SolutionConfigurationPlatforms) = preSolution
		Debug|Any CPU = Debug|Any CPU
		Release|Any CPU = Release|Any CPU
	EndGlobalSection
	GlobalSection(ProjectConfigurationPlatforms) = postSolution
		{4AEF07E5-E956-49D5-B4D5-D418D98DFA60}.Debug|Any CPU.ActiveCfg = Debug|Any CPU
		{4AEF07E5-E956-49D5-B4D5-D418D98DFA60}.Debug|Any CPU.Build.0 = Debug|Any CPU
		{4AEF07E5-E956-49D5-B4D5-D418D98DFA60}.Release|Any CPU.ActiveCfg = Release|Any CPU
		{4AEF07E5-E956-49D5-B4D5-D418D98DFA60}.Release|Any CPU.Build.0 = Release|Any CPU
	EndGlobalSection
	GlobalSection(SolutionProperties) = preSolution
		HideSolutionNode = FALSE
	EndGlobalSection
	GlobalSection(ExtensibilityGlobals) = postSolution
		SolutionGuid = {DDD3C819-3961-4B92-A20E-C17C21BF9E76}
	EndGlobalSection
EndGlobal
